[[package]]
category = "dev"
description = "Atomic file writes."
name = "atomicwrites"
optional = false
python-versions = ">=2.7, !=3.0.*, !=3.1.*, !=3.2.*, !=3.3.*"
version = "1.3.0"

[[package]]
category = "dev"
description = "Classes Without Boilerplate"
name = "attrs"
optional = false
python-versions = ">=2.7, !=3.0.*, !=3.1.*, !=3.2.*, !=3.3.*"
version = "19.1.0"

[[package]]
category = "dev"
description = "Cross-platform colored terminal text."
marker = "sys_platform == \"win32\""
name = "colorama"
optional = false
python-versions = ">=2.7, !=3.0.*, !=3.1.*, !=3.2.*, !=3.3.*"
version = "0.4.1"

[[package]]
category = "main"
description = "Docutils -- Python Documentation Utilities"
name = "docutils"
optional = false
python-versions = "*"
version = "0.14"

[[package]]
category = "dev"
description = "Read metadata from Python packages"
name = "importlib-metadata"
optional = false
python-versions = ">=2.7,!=3.0,!=3.1,!=3.2,!=3.3"
version = "0.18"

[package.dependencies]
zipp = ">=0.5"

[[package]]
category = "main"
description = "A software library for rapid development of hardware-accelerated multitouch applications."
name = "kivy"
optional = false
python-versions = "*"
version = "1.11.1"

[package.dependencies]
Kivy-Garden = ">=0.1.4"
docutils = "*"
pygments = "*"

[[package]]
category = "main"
description = "Repackaged binary dependency of Kivy."
name = "kivy-deps.glew"
optional = false
python-versions = "*"
version = "0.1.12"

[[package]]
category = "main"
description = "Repackaged binary dependency of Kivy."
name = "kivy-deps.gstreamer"
optional = false
python-versions = "*"
version = "0.1.17"

[[package]]
category = "main"
description = "Repackaged binary dependency of Kivy."
name = "kivy-deps.sdl2"
optional = false
python-versions = "*"
version = "0.1.22"

[[package]]
category = "main"
description = "Garden tool for kivy flowers."
name = "kivy-garden"
optional = false
python-versions = "*"
version = "0.1.4"

[[package]]
category = "dev"
description = "More routines for operating on iterables, beyond itertools"
name = "more-itertools"
optional = false
python-versions = ">=3.4"
version = "7.1.0"

[[package]]
category = "dev"
description = "Core utilities for Python packages"
name = "packaging"
optional = false
python-versions = ">=2.7, !=3.0.*, !=3.1.*, !=3.2.*, !=3.3.*"
version = "19.0"

[package.dependencies]
pyparsing = ">=2.0.2"
six = "*"

[[package]]
category = "dev"
description = "plugin and hook calling mechanisms for python"
name = "pluggy"
optional = false
python-versions = ">=2.7, !=3.0.*, !=3.1.*, !=3.2.*, !=3.3.*"
version = "0.12.0"

[package.dependencies]
importlib-metadata = ">=0.12"

[[package]]
category = "dev"
description = "library with cross-python path, ini-parsing, io, code, log facilities"
name = "py"
optional = false
python-versions = ">=2.7, !=3.0.*, !=3.1.*, !=3.2.*, !=3.3.*"
version = "1.8.0"

[[package]]
category = "main"
description = "Pygments is a syntax highlighting package written in Python."
name = "pygments"
optional = false
python-versions = ">=2.7, !=3.0.*, !=3.1.*, !=3.2.*, !=3.3.*, !=3.4.*"
version = "2.4.2"

[[package]]
category = "dev"
description = "Python parsing module"
name = "pyparsing"
optional = false
python-versions = ">=2.6, !=3.0.*, !=3.1.*, !=3.2.*"
version = "2.4.0"

[[package]]
category = "main"
description = ""
name = "pypiwin32"
optional = false
python-versions = "*"
version = "223"

[package.dependencies]
pywin32 = ">=223"

[[package]]
category = "dev"
description = "pytest: simple powerful testing with Python"
name = "pytest"
optional = false
python-versions = ">=3.5"
version = "5.0.0"

[package.dependencies]
atomicwrites = ">=1.0"
attrs = ">=17.4.0"
colorama = "*"
importlib-metadata = ">=0.12"
more-itertools = ">=4.0.0"
packaging = "*"
pluggy = ">=0.12,<1.0"
py = ">=1.5.0"
wcwidth = "*"

[[package]]
category = "main"
description = "Python for Window Extensions"
name = "pywin32"
optional = false
python-versions = "*"
version = "224"

[[package]]
category = "dev"
description = "Python 2 and 3 compatibility utilities"
name = "six"
optional = false
python-versions = ">=2.6, !=3.0.*, !=3.1.*"
version = "1.12.0"

[[package]]
category = "dev"
description = "Measures number of Terminal column cells of wide-character codes"
name = "wcwidth"
optional = false
python-versions = "*"
version = "0.1.7"

[[package]]
category = "dev"
description = "Backport of pathlib-compatible object wrapper for zip files"
name = "zipp"
optional = false
python-versions = ">=2.7"
version = "0.5.1"

[metadata]
content-hash = "3e317ada4792a3c517d628484e4ca936a87f589798baeeea0645bffb8073184e"
python-versions = "^3.7"

[metadata.hashes]
atomicwrites = ["03472c30eb2c5d1ba9227e4c2ca66ab8287fbfbbda3888aa93dc2e28fc6811b4", "75a9445bac02d8d058d5e1fe689654ba5a6556a1dfd8ce6ec55a0ed79866cfa6"]
attrs = ["69c0dbf2ed392de1cb5ec704444b08a5ef81680a61cb899dc08127123af36a79", "f0b870f674851ecbfbbbd364d6b5cbdff9dcedbc7f3f5e18a6891057f21fe399"]
colorama = ["05eed71e2e327246ad6b38c540c4a3117230b19679b875190486ddd2d721422d", "f8ac84de7840f5b9c4e3347b3c1eaa50f7e49c2b07596221daec5edaabbd7c48"]
docutils = ["02aec4bd92ab067f6ff27a38a38a41173bf01bed8f89157768c1573f53e474a6", "51e64ef2ebfb29cae1faa133b3710143496eca21c530f3f71424d77687764274", "7a4bd47eaf6596e1295ecb11361139febe29b084a87bf005bf899f9a42edc3c6"]
importlib-metadata = ["6dfd58dfe281e8d240937776065dd3624ad5469c835248219bd16cf2e12dbeb7", "cb6ee23b46173539939964df59d3d72c3e0c1b5d54b84f1d8a7e912fe43612db"]
kivy = ["090d3ded9835a17477cd93fbdaf0a7c42ff2218981cf198ded5ad8795bc74391", "11e85eaf6efbfa2362a3334ffdad179a1b0ca8d255cca79eaa6a2765560d4982", "1a1ff32f8a95f1e175198cbab81fcd2596783b180d4eafe63e87d171aa7fdb5e", "1d28b198a64c30db8d94a0488e85f3037af60d514ab0d7ad5ab45add3ab77090", "4a5480cbf837d3780c77a4f61b32b56d22ae9f03845e7a89dd3eaef1ae5fd037", "4d0e596f74271e901b551f77661dde238df4765484fce9f5d1c72e8022984e84", "5c3d0f2749522d62e9cce09cd54b2d823bf1b6b644ff1f627be49de6f3e3cba0", "815a5c0b3b72fcd81ca7b2aa0744087163ed03e4cf9ab4e7c9733cea99fc1571", "8819a27a09871af451760cb69486ced52e830c8a0a37480f22ef5e692f12c05b", "a687602d90c4629dd036f577ca39acb76ba581370f9d915f3cab99be818ba8ad", "b7ef6aad43a86d8df3fb865db864e354f2155a748019f8517f69f65c1a29cb64", "b85ccf165050cbf2ee8447671eebbc222b369b40f0e0038dd9547d49a5e37373", "c36652caa7f6c327dee834cfc699d5962d346b7a53e54bd81abc17c314226d89", "ece170514db3f49844a41e4c910ad9ce9bc46da6f47a49158e11266bdcc6e479", "f3bea6e4a21991827885d04127fc6d09a0e974ecfa12da7bf5faae93562ea102", "f835462dd9aa491272552ef079b948a088598e2e95d68bb1d885d2c3f3d4e2c3"]
"kivy-deps.glew" = ["1e28e40017af9d081fc0fc95b4fadaf31d15e9f63478dcee1c4257d67079894e", "45aa7f0e8d9bcf5fc1810c9c38bc20edf7dee61df81ecf62102e0f84153f924a", "6bb435620c3187d2c61054adb9ec277ed487256b457a0a7b1491bc0cb7247e18", "92e72fa2c425887987d1aa861c99537033dc20d68ae1c54864871f0401682586", "ab81783a82bef88a8d2bcf8a93bc21df6b8b0db6ee551eb802727d18f9074b17", "c843104690c0c8f3a58105c53c57f31506f6f90562c18de00bd19317cc1045a7", "ee8ab67abb2c98d84feede657cae472e7723e529af07394244bdd33caafb1a38", "ef1116d99bd9cc737cb8c0e13e676955c17d6e4d6d1af5cfccef089a430071bb"]
"kivy-deps.gstreamer" = ["0d9598d2d31c0e780adf4b767fa3a691123621fd0ffef94b83cf82c2da84341b", "309eca64dee5939f16f8465e5cbb08bdde7c90ded1af6a00690c7e928326af79", "4d996377111e854b3dea90846f9b2f98766a44529fd8b72125e18c552381d928", "4f2ddd61d185310258d338ae80a646df7822efdd7d67e57f49dc7b87555c5d7e", "6fa9f76afe600baa221abee31ce7dc63e653d0affe0f6c558bfc4f35af96396f", "739cd331b9f33a822d700273674a79a3157054e9358a01a0d553f094a5f4a8c9", "c29cfc63fe70a58dad889e631f1ba4711c9ea80103f2b2b8d670a97f093076c8", "c4709765e2b17c6c96b46a92207b0457def147544d825654077603eaf0d424de"]
"kivy-deps.sdl2" = ["053f26e8c05d5545bdbc7eeb8c450b8e4410ee355792e9345af536110fe247e2", "1b987bdd4fbbcb31baf0d7fc9584ad99912179b8968311bb7e30fbeb14e98e0d", "228128cdd8112dc7505ac43027a770476e9ef282e0b84ca68037133cd025960b", "2c2fd5a12a7a9afe3bb962b273561099a180edae91bb9c8f8386b72253fcae4a", "5ce23f1a3286d6288751a12b0eaefd02f947ea101bb807e9781b964e496fc3f3", "7928746eaed51944c10d1bb36fcefebe3d1aff1b97ba32359c2c97ba74707e1b", "96e1fa89fd8b5351f2d3c26bbffd50df8d554b03fba4025ecc941d773d241698", "c3ace0ddde0e59cdcaf260eda1daa0c05ca9bf8cd0c4ea404539de25a5dcaec7"]
kivy-garden = ["9b7d9de5efacbcd0c4b3dd873b30622a86093c9965aa47b523c7a32f3eb34610", "c256f42788421273a08fbb0a228f0fb0e80dd86b629fb8c0920507f645be6c72"]
more-itertools = ["3ad685ff8512bf6dc5a8b82ebf73543999b657eded8c11803d9ba6b648986f4d", "8bb43d1f51ecef60d81854af61a3a880555a14643691cc4b64a6ee269c78f09a"]
packaging = ["0c98a5d0be38ed775798ece1b9727178c4469d9c3b4ada66e8e6b7849f8732af", "9e1cbf8c12b1f1ce0bb5344b8d7ecf66a6f8a6e91bcb0c84593ed6d3ab5c4ab3"]
pluggy = ["0825a152ac059776623854c1543d65a4ad408eb3d33ee114dff91e57ec6ae6fc", "b9817417e95936bf75d85d3f8767f7df6cdde751fc40aed3bb3074cbcb77757c"]
py = ["64f65755aee5b381cea27766a3a147c3f15b9b6b9ac88676de66ba2ae36793fa", "dc639b046a6e2cff5bbe40194ad65936d6ba360b52b3c3fe1d08a82dd50b5e53"]
pygments = ["71e430bc85c88a430f000ac1d9b331d2407f681d6f6aec95e8bcfbc3df5b0127", "881c4c157e45f30af185c1ffe8d549d48ac9127433f2c380c24b84572ad66297"]
pyparsing = ["1873c03321fc118f4e9746baf201ff990ceb915f433f23b395f5580d1840cb2a", "9b6323ef4ab914af344ba97510e966d64ba91055d6b9afa6b30799340e89cc03"]
pypiwin32 = ["67adf399debc1d5d14dffc1ab5acacb800da569754fafdc576b2a039485aa775", "71be40c1fbd28594214ecaecb58e7aa8b708eabfa0125c8a109ebd51edbd776a"]
pytest = ["2878de8ae1c79a62c012da6186b88ff0562ea96ce29c4208d2a9b11d9f607df1", "95b700cf21ed5b7e91bce7a6b5a573b2e3ef7b3643d00f681d8f9c4672f9fbdf"]
pywin32 = ["22e218832a54ed206452c8f3ca9eff07ef327f8e597569a4c2828be5eaa09a77", "32b37abafbfeddb0fe718008d6aada5a71efa2874f068bee1f9e703983dcc49a", "35451edb44162d2f603b5b18bd427bc88fcbc74849eaa7a7e7cfe0f507e5c0c8", "4eda2e1e50faa706ff8226195b84fbcbd542b08c842a9b15e303589f85bfb41c", "5f265d72588806e134c8e1ede8561739071626ea4cc25c12d526aa7b82416ae5", "6852ceac5fdd7a146b570655c37d9eacd520ed1eaeec051ff41c6fc94243d8bf", "6dbc4219fe45ece6a0cc6baafe0105604fdee551b5e876dc475d3955b77190ec", "9bd07746ce7f2198021a9fa187fa80df7b221ec5e4c234ab6f00ea355a3baf99"]
six = ["3350809f0555b11f552448330d0b52d5f24c91a322ea4a15ef22629740f3761c", "d16a0141ec1a18405cd4ce8b4613101da75da0e9a7aec5bdd4fa804d0e0eba73"]
wcwidth = ["3df37372226d6e63e1b1e1eda15c594bca98a22d33a23832a90998faa96bc65e", "f4ebe71925af7b40a864553f761ed559b43544f8f71746c2d756c7fe788ade7c"]
zipp = ["8c1019c6aad13642199fbe458275ad6a84907634cc9f0989877ccc4a2840139d", "ca943a7e809cc12257001ccfb99e3563da9af99d52f261725e96dfe0f9275bc3"]
